[[package]]
name = "aniso8601"
version = "9.0.1"
description = "A library for parsing ISO 8601 strings."
category = "main"
optional = false
python-versions = "*"

[package.extras]
dev = ["black", "coverage", "isort", "pre-commit", "pyenchant", "pylint"]

[[package]]
name = "click"
version = "7.1.2"
description = "Composable command line interface toolkit"
category = "main"
optional = false
python-versions = ">=2.7, !=3.0.*, !=3.1.*, !=3.2.*, !=3.3.*, !=3.4.*"

[[package]]
name = "flask"
version = "1.1.2"
description = "A simple framework for building complex web applications."
category = "main"
optional = false
python-versions = ">=2.7, !=3.0.*, !=3.1.*, !=3.2.*, !=3.3.*, !=3.4.*"

[package.dependencies]
click = ">=5.1"
itsdangerous = ">=0.24"
Jinja2 = ">=2.10.1"
Werkzeug = ">=0.15"

[package.extras]
dev = ["pytest", "coverage", "tox", "sphinx", "pallets-sphinx-themes", "sphinxcontrib-log-cabinet", "sphinx-issues"]
docs = ["sphinx", "pallets-sphinx-themes", "sphinxcontrib-log-cabinet", "sphinx-issues"]
dotenv = ["python-dotenv"]

[[package]]
name = "flask-cors"
version = "3.0.10"
description = "A Flask extension adding a decorator for CORS support"
category = "main"
optional = false
python-versions = "*"

[package.dependencies]
Flask = ">=0.9"
Six = "*"

[[package]]
name = "flask-restful"
version = "0.3.8"
description = "Simple framework for creating REST APIs"
category = "main"
optional = false
python-versions = "*"

[package.dependencies]
aniso8601 = ">=0.82"
Flask = ">=0.8"
pytz = "*"
six = ">=1.3.0"

[package.extras]
docs = ["sphinx"]

[[package]]
name = "flask-sqlalchemy"
version = "2.5.1"
description = "Adds SQLAlchemy support to your Flask application."
category = "main"
optional = false
python-versions = ">= 2.7, != 3.0.*, != 3.1.*, != 3.2.*, != 3.3.*"

[package.dependencies]
Flask = ">=0.10"
SQLAlchemy = ">=0.8.0"

[[package]]
name = "greenlet"
version = "1.0.0"
description = "Lightweight in-process concurrent programming"
category = "main"
optional = false
python-versions = ">=2.7,!=3.0.*,!=3.1.*,!=3.2.*,!=3.3.*,!=3.4.*"

[package.extras]
docs = ["sphinx"]

[[package]]
name = "itsdangerous"
version = "1.1.0"
description = "Various helpers to pass data to untrusted environments and back."
category = "main"
optional = false
python-versions = ">=2.7, !=3.0.*, !=3.1.*, !=3.2.*, !=3.3.*"

[[package]]
name = "jinja2"
version = "2.11.3"
description = "A very fast and expressive template engine."
category = "main"
optional = false
python-versions = ">=2.7, !=3.0.*, !=3.1.*, !=3.2.*, !=3.3.*, !=3.4.*"

[package.dependencies]
MarkupSafe = ">=0.23"

[package.extras]
i18n = ["Babel (>=0.8)"]

[[package]]
name = "markupsafe"
version = "1.1.1"
description = "Safely add untrusted strings to HTML/XML markup."
category = "main"
optional = false
python-versions = ">=2.7,!=3.0.*,!=3.1.*,!=3.2.*,!=3.3.*"

[[package]]
name = "psycopg2"
version = "2.9.1"
description = "psycopg2 - Python-PostgreSQL Database Adapter"
category = "main"
optional = false
python-versions = ">=3.6"

[[package]]
name = "pytz"
version = "2021.1"
description = "World timezone definitions, modern and historical"
category = "main"
optional = false
python-versions = "*"

[[package]]
name = "six"
version = "1.15.0"
description = "Python 2 and 3 compatibility utilities"
category = "main"
optional = false
python-versions = ">=2.7, !=3.0.*, !=3.1.*, !=3.2.*"

[[package]]
name = "sqlalchemy"
version = "1.4.6"
description = "Database Abstraction Library"
category = "main"
optional = false
python-versions = "!=3.0.*,!=3.1.*,!=3.2.*,!=3.3.*,!=3.4.*,!=3.5.*,>=2.7"

[package.dependencies]
greenlet = {version = "!=0.4.17", markers = "python_version >= \"3\""}

[package.extras]
aiomysql = ["greenlet (!=0.4.17)", "aiomysql"]
aiosqlite = ["greenlet (!=0.4.17)", "aiosqlite"]
asyncio = ["greenlet (!=0.4.17)"]
mariadb_connector = ["mariadb (>=1.0.1)"]
mssql = ["pyodbc"]
mssql_pymssql = ["pymssql"]
mssql_pyodbc = ["pyodbc"]
mypy = ["sqlalchemy2-stubs", "mypy (>=0.800)"]
mysql = ["mysqlclient (>=1.4.0,<2)", "mysqlclient (>=1.4.0)"]
mysql_connector = ["mysqlconnector"]
oracle = ["cx_oracle (>=7,<8)", "cx_oracle (>=7)"]
postgresql = ["psycopg2 (>=2.7)"]
postgresql_asyncpg = ["greenlet (!=0.4.17)", "asyncpg"]
postgresql_pg8000 = ["pg8000 (>=1.16.6)"]
postgresql_psycopg2binary = ["psycopg2-binary"]
postgresql_psycopg2cffi = ["psycopg2cffi"]
pymysql = ["pymysql (<1)", "pymysql"]
sqlcipher = ["sqlcipher3-binary"]

[[package]]
name = "werkzeug"
version = "1.0.1"
description = "The comprehensive WSGI web application library."
category = "main"
optional = false
python-versions = ">=2.7, !=3.0.*, !=3.1.*, !=3.2.*, !=3.3.*, !=3.4.*"

[package.extras]
dev = ["pytest", "pytest-timeout", "coverage", "tox", "sphinx", "pallets-sphinx-themes", "sphinx-issues"]
watchdog = ["watchdog"]

[metadata]
lock-version = "1.1"
python-versions = "^3.8"
content-hash = "730b871ff6d32e8d4353aaf62404dbe8340338cccf6b001b236fc2e47cbe27fa"

[metadata.files]
aniso8601 = [
    {file = "aniso8601-9.0.1-py2.py3-none-any.whl", hash = "sha256:1d2b7ef82963909e93c4f24ce48d4de9e66009a21bf1c1e1c85bdd0812fe412f"},
    {file = "aniso8601-9.0.1.tar.gz", hash = "sha256:72e3117667eedf66951bb2d93f4296a56b94b078a8a95905a052611fb3f1b973"},
]
click = [
    {file = "click-7.1.2-py2.py3-none-any.whl", hash = "sha256:dacca89f4bfadd5de3d7489b7c8a566eee0d3676333fbb50030263894c38c0dc"},
    {file = "click-7.1.2.tar.gz", hash = "sha256:d2b5255c7c6349bc1bd1e59e08cd12acbbd63ce649f2588755783aa94dfb6b1a"},
]
flask = [
    {file = "Flask-1.1.2-py2.py3-none-any.whl", hash = "sha256:8a4fdd8936eba2512e9c85df320a37e694c93945b33ef33c89946a340a238557"},
    {file = "Flask-1.1.2.tar.gz", hash = "sha256:4efa1ae2d7c9865af48986de8aeb8504bf32c7f3d6fdc9353d34b21f4b127060"},
]
flask-cors = [
    {file = "Flask-Cors-3.0.10.tar.gz", hash = "sha256:b60839393f3b84a0f3746f6cdca56c1ad7426aa738b70d6c61375857823181de"},
    {file = "Flask_Cors-3.0.10-py2.py3-none-any.whl", hash = "sha256:74efc975af1194fc7891ff5cd85b0f7478be4f7f59fe158102e91abb72bb4438"},
]
flask-restful = [
    {file = "Flask-RESTful-0.3.8.tar.gz", hash = "sha256:5ea9a5991abf2cb69b4aac19793faac6c032300505b325687d7c305ffaa76915"},
    {file = "Flask_RESTful-0.3.8-py2.py3-none-any.whl", hash = "sha256:d891118b951921f1cec80cabb4db98ea6058a35e6404788f9e70d5b243813ec2"},
]
flask-sqlalchemy = [
    {file = "Flask-SQLAlchemy-2.5.1.tar.gz", hash = "sha256:2bda44b43e7cacb15d4e05ff3cc1f8bc97936cc464623424102bfc2c35e95912"},
    {file = "Flask_SQLAlchemy-2.5.1-py2.py3-none-any.whl", hash = "sha256:f12c3d4cc5cc7fdcc148b9527ea05671718c3ea45d50c7e732cceb33f574b390"},
]
greenlet = [
    {file = "greenlet-1.0.0-cp27-cp27m-macosx_10_14_x86_64.whl", hash = "sha256:1d1d4473ecb1c1d31ce8fd8d91e4da1b1f64d425c1dc965edc4ed2a63cfa67b2"},
    {file = "greenlet-1.0.0-cp27-cp27m-manylinux1_x86_64.whl", hash = "sha256:cfd06e0f0cc8db2a854137bd79154b61ecd940dce96fad0cba23fe31de0b793c"},
    {file = "greenlet-1.0.0-cp27-cp27m-manylinux2010_x86_64.whl", hash = "sha256:eb333b90036358a0e2c57373f72e7648d7207b76ef0bd00a4f7daad1f79f5203"},
    {file = "greenlet-1.0.0-cp27-cp27m-win32.whl", hash = "sha256:1a1ada42a1fd2607d232ae11a7b3195735edaa49ea787a6d9e6a53afaf6f3476"},
    {file = "greenlet-1.0.0-cp27-cp27m-win_amd64.whl", hash = "sha256:f6f65bf54215e4ebf6b01e4bb94c49180a589573df643735107056f7a910275b"},
    {file = "greenlet-1.0.0-cp27-cp27mu-manylinux1_x86_64.whl", hash = "sha256:f59eded163d9752fd49978e0bab7a1ff21b1b8d25c05f0995d140cc08ac83379"},
    {file = "greenlet-1.0.0-cp27-cp27mu-manylinux2010_x86_64.whl", hash = "sha256:875d4c60a6299f55df1c3bb870ebe6dcb7db28c165ab9ea6cdc5d5af36bb33ce"},
    {file = "greenlet-1.0.0-cp35-cp35m-macosx_10_14_x86_64.whl", hash = "sha256:1bb80c71de788b36cefb0c3bb6bfab306ba75073dbde2829c858dc3ad70f867c"},
    {file = "greenlet-1.0.0-cp35-cp35m-manylinux1_x86_64.whl", hash = "sha256:b5f1b333015d53d4b381745f5de842f19fe59728b65f0fbb662dafbe2018c3a5"},
    {file = "greenlet-1.0.0-cp35-cp35m-manylinux2010_x86_64.whl", hash = "sha256:5352c15c1d91d22902582e891f27728d8dac3bd5e0ee565b6a9f575355e6d92f"},
    {file = "greenlet-1.0.0-cp35-cp35m-manylinux2014_aarch64.whl", hash = "sha256:2c65320774a8cd5fdb6e117c13afa91c4707548282464a18cf80243cf976b3e6"},
    {file = "greenlet-1.0.0-cp35-cp35m-manylinux2014_ppc64le.whl", hash = "sha256:111cfd92d78f2af0bc7317452bd93a477128af6327332ebf3c2be7df99566683"},
    {file = "greenlet-1.0.0-cp35-cp35m-win32.whl", hash = "sha256:cdb90267650c1edb54459cdb51dab865f6c6594c3a47ebd441bc493360c7af70"},
    {file = "greenlet-1.0.0-cp35-cp35m-win_amd64.whl", hash = "sha256:eac8803c9ad1817ce3d8d15d1bb82c2da3feda6bee1153eec5c58fa6e5d3f770"},
    {file = "greenlet-1.0.0-cp36-cp36m-macosx_10_14_x86_64.whl", hash = "sha256:c93d1a71c3fe222308939b2e516c07f35a849c5047f0197442a4d6fbcb4128ee"},
    {file = "greenlet-1.0.0-cp36-cp36m-manylinux1_x86_64.whl", hash = "sha256:122c63ba795fdba4fc19c744df6277d9cfd913ed53d1a286f12189a0265316dd"},
    {file = "greenlet-1.0.0-cp36-cp36m-manylinux2010_x86_64.whl", hash = "sha256:c5b22b31c947ad8b6964d4ed66776bcae986f73669ba50620162ba7c832a6b6a"},
    {file = "greenlet-1.0.0-cp36-cp36m-manylinux2014_aarch64.whl", hash = "sha256:4365eccd68e72564c776418c53ce3c5af402bc526fe0653722bc89efd85bf12d"},
    {file = "greenlet-1.0.0-cp36-cp36m-manylinux2014_ppc64le.whl", hash = "sha256:da7d09ad0f24270b20f77d56934e196e982af0d0a2446120cb772be4e060e1a2"},
    {file = "greenlet-1.0.0-cp36-cp36m-win32.whl", hash = "sha256:647ba1df86d025f5a34043451d7c4a9f05f240bee06277a524daad11f997d1e7"},
    {file = "greenlet-1.0.0-cp36-cp36m-win_amd64.whl", hash = "sha256:e6e9fdaf6c90d02b95e6b0709aeb1aba5affbbb9ccaea5502f8638e4323206be"},
    {file = "greenlet-1.0.0-cp37-cp37m-macosx_10_14_x86_64.whl", hash = "sha256:62afad6e5fd70f34d773ffcbb7c22657e1d46d7fd7c95a43361de979f0a45aef"},
    {file = "greenlet-1.0.0-cp37-cp37m-manylinux1_x86_64.whl", hash = "sha256:d3789c1c394944084b5e57c192889985a9f23bd985f6d15728c745d380318128"},
    {file = "greenlet-1.0.0-cp37-cp37m-manylinux2010_x86_64.whl", hash = "sha256:f5e2d36c86c7b03c94b8459c3bd2c9fe2c7dab4b258b8885617d44a22e453fb7"},
    {file = "greenlet-1.0.0-cp37-cp37m-manylinux2014_aarch64.whl", hash = "sha256:292e801fcb3a0b3a12d8c603c7cf340659ea27fd73c98683e75800d9fd8f704c"},
    {file = "greenlet-1.0.0-cp37-cp37m-manylinux2014_ppc64le.whl", hash = "sha256:f3dc68272990849132d6698f7dc6df2ab62a88b0d36e54702a8fd16c0490e44f"},
    {file = "greenlet-1.0.0-cp37-cp37m-win32.whl", hash = "sha256:7cd5a237f241f2764324396e06298b5dee0df580cf06ef4ada0ff9bff851286c"},
    {file = "greenlet-1.0.0-cp37-cp37m-win_amd64.whl", hash = "sha256:0ddd77586553e3daf439aa88b6642c5f252f7ef79a39271c25b1d4bf1b7cbb85"},
    {file = "greenlet-1.0.0-cp38-cp38-macosx_10_14_x86_64.whl", hash = "sha256:90b6a25841488cf2cb1c8623a53e6879573010a669455046df5f029d93db51b7"},
    {file = "greenlet-1.0.0-cp38-cp38-manylinux1_x86_64.whl", hash = "sha256:ed1d1351f05e795a527abc04a0d82e9aecd3bdf9f46662c36ff47b0b00ecaf06"},
    {file = "greenlet-1.0.0-cp38-cp38-manylinux2010_x86_64.whl", hash = "sha256:94620ed996a7632723a424bccb84b07e7b861ab7bb06a5aeb041c111dd723d36"},
    {file = "greenlet-1.0.0-cp38-cp38-manylinux2014_aarch64.whl", hash = "sha256:f97d83049715fd9dec7911860ecf0e17b48d8725de01e45de07d8ac0bd5bc378"},
    {file = "greenlet-1.0.0-cp38-cp38-manylinux2014_ppc64le.whl", hash = "sha256:0a77691f0080c9da8dfc81e23f4e3cffa5accf0f5b56478951016d7cfead9196"},
    {file = "greenlet-1.0.0-cp38-cp38-win32.whl", hash = "sha256:e1128e022d8dce375362e063754e129750323b67454cac5600008aad9f54139e"},
    {file = "greenlet-1.0.0-cp38-cp38-win_amd64.whl", hash = "sha256:5d4030b04061fdf4cbc446008e238e44936d77a04b2b32f804688ad64197953c"},
    {file = "greenlet-1.0.0-cp39-cp39-macosx_10_14_x86_64.whl", hash = "sha256:f8450d5ef759dbe59f84f2c9f77491bb3d3c44bc1a573746daf086e70b14c243"},
    {file = "greenlet-1.0.0-cp39-cp39-manylinux1_x86_64.whl", hash = "sha256:df8053867c831b2643b2c489fe1d62049a98566b1646b194cc815f13e27b90df"},
    {file = "greenlet-1.0.0-cp39-cp39-manylinux2010_x86_64.whl", hash = "sha256:df3e83323268594fa9755480a442cabfe8d82b21aba815a71acf1bb6c1776218"},
    {file = "greenlet-1.0.0-cp39-cp39-manylinux2014_aarch64.whl", hash = "sha256:181300f826625b7fd1182205b830642926f52bd8cdb08b34574c9d5b2b1813f7"},
    {file = "greenlet-1.0.0-cp39-cp39-manylinux2014_ppc64le.whl", hash = "sha256:58ca0f078d1c135ecf1879d50711f925ee238fe773dfe44e206d7d126f5bc664"},
    {file = "greenlet-1.0.0-cp39-cp39-win32.whl", hash = "sha256:5f297cb343114b33a13755032ecf7109b07b9a0020e841d1c3cedff6602cc139"},
    {file = "greenlet-1.0.0-cp39-cp39-win_amd64.whl", hash = "sha256:5d69bbd9547d3bc49f8a545db7a0bd69f407badd2ff0f6e1a163680b5841d2b0"},
    {file = "greenlet-1.0.0.tar.gz", hash = "sha256:719e169c79255816cdcf6dccd9ed2d089a72a9f6c42273aae12d55e8d35bdcf8"},
]
itsdangerous = [
    {file = "itsdangerous-1.1.0-py2.py3-none-any.whl", hash = "sha256:b12271b2047cb23eeb98c8b5622e2e5c5e9abd9784a153e9d8ef9cb4dd09d749"},
    {file = "itsdangerous-1.1.0.tar.gz", hash = "sha256:321b033d07f2a4136d3ec762eac9f16a10ccd60f53c0c91af90217ace7ba1f19"},
]
jinja2 = [
    {file = "Jinja2-2.11.3-py2.py3-none-any.whl", hash = "sha256:03e47ad063331dd6a3f04a43eddca8a966a26ba0c5b7207a9a9e4e08f1b29419"},
    {file = "Jinja2-2.11.3.tar.gz", hash = "sha256:a6d58433de0ae800347cab1fa3043cebbabe8baa9d29e668f1c768cb87a333c6"},
]
markupsafe = [
    {file = "MarkupSafe-1.1.1-cp27-cp27m-macosx_10_6_intel.whl", hash = "sha256:09027a7803a62ca78792ad89403b1b7a73a01c8cb65909cd876f7fcebd79b161"},
    {file = "MarkupSafe-1.1.1-cp27-cp27m-manylinux1_i686.whl", hash = "sha256:e249096428b3ae81b08327a63a485ad0878de3fb939049038579ac0ef61e17e7"},
    {file = "MarkupSafe-1.1.1-cp27-cp27m-manylinux1_x86_64.whl", hash = "sha256:500d4957e52ddc3351cabf489e79c91c17f6e0899158447047588650b5e69183"},
    {file = "MarkupSafe-1.1.1-cp27-cp27m-win32.whl", hash = "sha256:b2051432115498d3562c084a49bba65d97cf251f5a331c64a12ee7e04dacc51b"},
    {file = "MarkupSafe-1.1.1-cp27-cp27m-win_amd64.whl", hash = "sha256:98c7086708b163d425c67c7a91bad6e466bb99d797aa64f965e9d25c12111a5e"},
    {file = "MarkupSafe-1.1.1-cp27-cp27mu-manylinux1_i686.whl", hash = "sha256:cd5df75523866410809ca100dc9681e301e3c27567cf498077e8551b6d20e42f"},
    {file = "MarkupSafe-1.1.1-cp27-cp27mu-manylinux1_x86_64.whl", hash = "sha256:43a55c2930bbc139570ac2452adf3d70cdbb3cfe5912c71cdce1c2c6bbd9c5d1"},
    {file = "MarkupSafe-1.1.1-cp34-cp34m-macosx_10_6_intel.whl", hash = "sha256:1027c282dad077d0bae18be6794e6b6b8c91d58ed8a8d89a89d59693b9131db5"},
    {file = "MarkupSafe-1.1.1-cp34-cp34m-manylinux1_i686.whl", hash = "sha256:62fe6c95e3ec8a7fad637b7f3d372c15ec1caa01ab47926cfdf7a75b40e0eac1"},
    {file = "MarkupSafe-1.1.1-cp34-cp34m-manylinux1_x86_64.whl", hash = "sha256:88e5fcfb52ee7b911e8bb6d6aa2fd21fbecc674eadd44118a9cc3863f938e735"},
    {file = "MarkupSafe-1.1.1-cp34-cp34m-win32.whl", hash = "sha256:ade5e387d2ad0d7ebf59146cc00c8044acbd863725f887353a10df825fc8ae21"},
    {file = "MarkupSafe-1.1.1-cp34-cp34m-win_amd64.whl", hash = "sha256:09c4b7f37d6c648cb13f9230d847adf22f8171b1ccc4d5682398e77f40309235"},
    {file = "MarkupSafe-1.1.1-cp35-cp35m-macosx_10_6_intel.whl", hash = "sha256:79855e1c5b8da654cf486b830bd42c06e8780cea587384cf6545b7d9ac013a0b"},
    {file = "MarkupSafe-1.1.1-cp35-cp35m-manylinux1_i686.whl", hash = "sha256:c8716a48d94b06bb3b2524c2b77e055fb313aeb4ea620c8dd03a105574ba704f"},
    {file = "MarkupSafe-1.1.1-cp35-cp35m-manylinux1_x86_64.whl", hash = "sha256:7c1699dfe0cf8ff607dbdcc1e9b9af1755371f92a68f706051cc8c37d447c905"},
    {file = "MarkupSafe-1.1.1-cp35-cp35m-win32.whl", hash = "sha256:6dd73240d2af64df90aa7c4e7481e23825ea70af4b4922f8ede5b9e35f78a3b1"},
    {file = "MarkupSafe-1.1.1-cp35-cp35m-win_amd64.whl", hash = "sha256:9add70b36c5666a2ed02b43b335fe19002ee5235efd4b8a89bfcf9005bebac0d"},
    {file = "MarkupSafe-1.1.1-cp36-cp36m-macosx_10_6_intel.whl", hash = "sha256:24982cc2533820871eba85ba648cd53d8623687ff11cbb805be4ff7b4c971aff"},
    {file = "MarkupSafe-1.1.1-cp36-cp36m-manylinux1_i686.whl", hash = "sha256:00bc623926325b26bb9605ae9eae8a215691f33cae5df11ca5424f06f2d1f473"},
    {file = "MarkupSafe-1.1.1-cp36-cp36m-manylinux1_x86_64.whl", hash = "sha256:717ba8fe3ae9cc0006d7c451f0bb265ee07739daf76355d06366154ee68d221e"},
    {file = "MarkupSafe-1.1.1-cp36-cp36m-win32.whl", hash = "sha256:535f6fc4d397c1563d08b88e485c3496cf5784e927af890fb3c3aac7f933ec66"},
    {file = "MarkupSafe-1.1.1-cp36-cp36m-win_amd64.whl", hash = "sha256:b1282f8c00509d99fef04d8ba936b156d419be841854fe901d8ae224c59f0be5"},
    {file = "MarkupSafe-1.1.1-cp37-cp37m-macosx_10_6_intel.whl", hash = "sha256:8defac2f2ccd6805ebf65f5eeb132adcf2ab57aa11fdf4c0dd5169a004710e7d"},
    {file = "MarkupSafe-1.1.1-cp37-cp37m-manylinux1_i686.whl", hash = "sha256:46c99d2de99945ec5cb54f23c8cd5689f6d7177305ebff350a58ce5f8de1669e"},
    {file = "MarkupSafe-1.1.1-cp37-cp37m-manylinux1_x86_64.whl", hash = "sha256:ba59edeaa2fc6114428f1637ffff42da1e311e29382d81b339c1817d37ec93c6"},
    {file = "MarkupSafe-1.1.1-cp37-cp37m-win32.whl", hash = "sha256:b00c1de48212e4cc9603895652c5c410df699856a2853135b3967591e4beebc2"},
    {file = "MarkupSafe-1.1.1-cp37-cp37m-win_amd64.whl", hash = "sha256:9bf40443012702a1d2070043cb6291650a0841ece432556f784f004937f0f32c"},
    {file = "MarkupSafe-1.1.1-cp38-cp38-macosx_10_9_x86_64.whl", hash = "sha256:6788b695d50a51edb699cb55e35487e430fa21f1ed838122d722e0ff0ac5ba15"},
    {file = "MarkupSafe-1.1.1-cp38-cp38-manylinux1_i686.whl", hash = "sha256:cdb132fc825c38e1aeec2c8aa9338310d29d337bebbd7baa06889d09a60a1fa2"},
    {file = "MarkupSafe-1.1.1-cp38-cp38-manylinux1_x86_64.whl", hash = "sha256:13d3144e1e340870b25e7b10b98d779608c02016d5184cfb9927a9f10c689f42"},
    {file = "MarkupSafe-1.1.1-cp38-cp38-win32.whl", hash = "sha256:596510de112c685489095da617b5bcbbac7dd6384aeebeda4df6025d0256a81b"},
    {file = "MarkupSafe-1.1.1-cp38-cp38-win_amd64.whl", hash = "sha256:e8313f01ba26fbbe36c7be1966a7b7424942f670f38e666995b88d012765b9be"},
    {file = "MarkupSafe-1.1.1.tar.gz", hash = "sha256:29872e92839765e546828bb7754a68c418d927cd064fd4708fab9fe9c8bb116b"},
]
psycopg2 = [
    {file = "psycopg2-2.9.1-cp36-cp36m-win32.whl", hash = "sha256:7f91312f065df517187134cce8e395ab37f5b601a42446bdc0f0d51773621854"},
    {file = "psycopg2-2.9.1-cp36-cp36m-win_amd64.whl", hash = "sha256:830c8e8dddab6b6716a4bf73a09910c7954a92f40cf1d1e702fb93c8a919cc56"},
    {file = "psycopg2-2.9.1-cp37-cp37m-win32.whl", hash = "sha256:89409d369f4882c47f7ea20c42c5046879ce22c1e4ea20ef3b00a4dfc0a7f188"},
    {file = "psycopg2-2.9.1-cp37-cp37m-win_amd64.whl", hash = "sha256:7640e1e4d72444ef012e275e7b53204d7fab341fb22bc76057ede22fe6860b25"},
    {file = "psycopg2-2.9.1-cp38-cp38-win32.whl", hash = "sha256:079d97fc22de90da1d370c90583659a9f9a6ee4007355f5825e5f1c70dffc1fa"},
    {file = "psycopg2-2.9.1-cp38-cp38-win_amd64.whl", hash = "sha256:2c992196719fadda59f72d44603ee1a2fdcc67de097eea38d41c7ad9ad246e62"},
    {file = "psycopg2-2.9.1-cp39-cp39-win32.whl", hash = "sha256:2087013c159a73e09713294a44d0c8008204d06326006b7f652bef5ace66eebb"},
    {file = "psycopg2-2.9.1-cp39-cp39-win_amd64.whl", hash = "sha256:bf35a25f1aaa8a3781195595577fcbb59934856ee46b4f252f56ad12b8043bcf"},
    {file = "psycopg2-2.9.1.tar.gz", hash = "sha256:de5303a6f1d0a7a34b9d40e4d3bef684ccc44a49bbe3eb85e3c0bffb4a131b7c"},
]
pytz = [
    {file = "pytz-2021.1-py2.py3-none-any.whl", hash = "sha256:eb10ce3e7736052ed3623d49975ce333bcd712c7bb19a58b9e2089d4057d0798"},
    {file = "pytz-2021.1.tar.gz", hash = "sha256:83a4a90894bf38e243cf052c8b58f381bfe9a7a483f6a9cab140bc7f702ac4da"},
]
six = [
    {file = "six-1.15.0-py2.py3-none-any.whl", hash = "sha256:8b74bedcbbbaca38ff6d7491d76f2b06b3592611af620f8426e82dddb04a5ced"},
    {file = "six-1.15.0.tar.gz", hash = "sha256:30639c035cdb23534cd4aa2dd52c3bf48f06e5f4a941509c8bafd8ce11080259"},
]
sqlalchemy = [
    {file = "SQLAlchemy-1.4.6-cp27-cp27m-macosx_10_14_x86_64.whl", hash = "sha256:432e98e6fe0d24e8181eb4177e59cba9f8831dcaf272a0d2de75bc8b933952a0"},
    {file = "SQLAlchemy-1.4.6-cp27-cp27m-manylinux1_x86_64.whl", hash = "sha256:534c71caa87c7fdb136ce5073fb42b732a4eb390946f503d8e1d7ce6a4a79100"},
    {file = "SQLAlchemy-1.4.6-cp27-cp27m-win32.whl", hash = "sha256:4eeff8b12c7d22be4de98721bba5a042875f4365e9fd20dc3916eec474ccb81e"},
    {file = "SQLAlchemy-1.4.6-cp27-cp27m-win_amd64.whl", hash = "sha256:e5267cd2e51ddefbe10bb182c36ba41cdaa51c83a0fdfa63ed8cbe89cbcf0f33"},
    {file = "SQLAlchemy-1.4.6-cp27-cp27mu-manylinux1_x86_64.whl", hash = "sha256:66467123c220689d55c6d51fdf88f7b0b62b8078823c5f6c0297ab47c22003d7"},
    {file = "SQLAlchemy-1.4.6-cp36-cp36m-macosx_10_14_x86_64.whl", hash = "sha256:933427a5474e014d01bac93224cd4e2bc7bbc7ce531d0bd7e55e4f940cc8ce0d"},
    {file = "SQLAlchemy-1.4.6-cp36-cp36m-manylinux1_x86_64.whl", hash = "sha256:43fef20dd1024409375cc646a4b5afaffb62f6488e41588cde2a1ed2e9432b5b"},
    {file = "SQLAlchemy-1.4.6-cp36-cp36m-manylinux2010_x86_64.whl", hash = "sha256:8a296bbf367867aee2ea8d5b391cb04fbdb3ca7277cd1649d9e8114620f3b090"},
    {file = "SQLAlchemy-1.4.6-cp36-cp36m-manylinux2014_aarch64.whl", hash = "sha256:2e65c1146f5b4151cc6e553d9847299c97f53640d94ba88b1c534e15cdc6ac38"},
    {file = "SQLAlchemy-1.4.6-cp36-cp36m-manylinux2014_x86_64.whl", hash = "sha256:88d75ea6b4330a6f5596a49904f21762ff89ca763db065d63b815ad8c3d68952"},
    {file = "SQLAlchemy-1.4.6-cp36-cp36m-win32.whl", hash = "sha256:a69787f7fc87b84df7e2f27158476cdf39a79ebb95af1d6f696e474724af9ebe"},
    {file = "SQLAlchemy-1.4.6-cp36-cp36m-win_amd64.whl", hash = "sha256:21becd8b45ec70b703239cf915104e47889c2aad96d0f68f597b9b547cbfd787"},
    {file = "SQLAlchemy-1.4.6-cp37-cp37m-macosx_10_14_x86_64.whl", hash = "sha256:c719f0058951457a7761bb69c2e47781a9989ab4819b7a30b6b39141ad013a5f"},
    {file = "SQLAlchemy-1.4.6-cp37-cp37m-manylinux1_x86_64.whl", hash = "sha256:a76c10b467f7d385e4cffe2185d975336acf0dbf24ed702c46207df0fb64055e"},
    {file = "SQLAlchemy-1.4.6-cp37-cp37m-manylinux2010_x86_64.whl", hash = "sha256:a687e552ab4ffedcf3ec3bd5256ab3e753b4f605b467e9fa39690b2dadb5f607"},
    {file = "SQLAlchemy-1.4.6-cp37-cp37m-manylinux2014_aarch64.whl", hash = "sha256:013b659efe02f0f58e7f759602584899c921c178c6a972978f16460dcdd782d5"},
    {file = "SQLAlchemy-1.4.6-cp37-cp37m-manylinux2014_x86_64.whl", hash = "sha256:6c4af3aceeff6a0e2bd3657d8b25714a9f7c7c606e7ec52029284973094f84c1"},
    {file = "SQLAlchemy-1.4.6-cp37-cp37m-win32.whl", hash = "sha256:2a042c27b1a32a87f4cead53bcdd28999324992650896094368a595165b31d97"},
    {file = "SQLAlchemy-1.4.6-cp37-cp37m-win_amd64.whl", hash = "sha256:4387ebd5ae8bc2c716dbfc1ece769c867307eeecc192e72a4d2e7fa0fc092646"},
    {file = "SQLAlchemy-1.4.6-cp38-cp38-macosx_10_14_x86_64.whl", hash = "sha256:7d252dea33c1ee07b3d702fb4962963996ea40e5a2615dbe7646ccabd851ac76"},
    {file = "SQLAlchemy-1.4.6-cp38-cp38-manylinux1_x86_64.whl", hash = "sha256:d7684e0598acfbfb5110bea482d8c5e94f52001d6d66b5558177f41f49fb5930"},
    {file = "SQLAlchemy-1.4.6-cp38-cp38-manylinux2010_x86_64.whl", hash = "sha256:cc3c0d87b11ae1dd1ccbd6fc7875a290b3f73b771254180c2e7b19c2aec7379b"},
    {file = "SQLAlchemy-1.4.6-cp38-cp38-manylinux2014_aarch64.whl", hash = "sha256:d42b8e2bffdf9e01d66cf46472b938493b854ea790a0fbe2e2e42624fc253b33"},
    {file = "SQLAlchemy-1.4.6-cp38-cp38-manylinux2014_x86_64.whl", hash = "sha256:360a771b538463053383fb6ff7aceffb595248d7059bb9e003bf70562a66510d"},
    {file = "SQLAlchemy-1.4.6-cp38-cp38-win32.whl", hash = "sha256:86a7321636f851c6e8009901c5d67e97d82b86ee8c6f28a476691c41c3d71a95"},
    {file = "SQLAlchemy-1.4.6-cp38-cp38-win_amd64.whl", hash = "sha256:bdeb300bb9adc02f98957cd0cf0c38d641bdd435b0927e39870a772e0a750bc0"},
    {file = "SQLAlchemy-1.4.6-cp39-cp39-macosx_10_14_x86_64.whl", hash = "sha256:4d71ee83441826fb48771e58cef51191500a87734b4acb6b698ca018479395bd"},
    {file = "SQLAlchemy-1.4.6-cp39-cp39-manylinux1_x86_64.whl", hash = "sha256:93f6fe67a76d7fa1cca3b9febb36e9f2dd76055230e2bfa317969532f34c03ab"},
    {file = "SQLAlchemy-1.4.6-cp39-cp39-manylinux2010_x86_64.whl", hash = "sha256:345c201324066b789804411f07eea750e9f29872be052eba221ce76add647d50"},
    {file = "SQLAlchemy-1.4.6-cp39-cp39-manylinux2014_aarch64.whl", hash = "sha256:2071ee6cd9390a9527a80ef03458fb58e0166bb299db2c62f9d688b6772d76a1"},
    {file = "SQLAlchemy-1.4.6-cp39-cp39-manylinux2014_x86_64.whl", hash = "sha256:cadb58aeadd9916e79e8f99a49d0c0a9e61ae2b24469c2b304a0699e41a25e59"},
    {file = "SQLAlchemy-1.4.6-cp39-cp39-win32.whl", hash = "sha256:2713b338d9c54d2c3c7ff4f7786a40a5ca85013c8ccea00327b034d42598e22e"},
    {file = "SQLAlchemy-1.4.6-cp39-cp39-win_amd64.whl", hash = "sha256:b093bd6efb49332021714bed5752e784a34ae6d6896ec56ffdc32cc83275a215"},
    {file = "SQLAlchemy-1.4.6.tar.gz", hash = "sha256:193c3ca465fbc68de071995a461ab535466f041089d372ee6a6f0aae7b9307e6"},
]
werkzeug = [
    {file = "Werkzeug-1.0.1-py2.py3-none-any.whl", hash = "sha256:2de2a5db0baeae7b2d2664949077c2ac63fbd16d98da0ff71837f7d1dea3fd43"},
    {file = "Werkzeug-1.0.1.tar.gz", hash = "sha256:6c80b1e5ad3665290ea39320b91e1be1e0d5f60652b964a3070216de83d2e47c"},
]
